// !$*UTF8*$!
{
	archiveVersion = 1;
	classes = {
	};
	objectVersion = 46;
	objects = {

/* Begin PBXBuildFile section */
		3047C4521F0EC93B007FDD78 /* lannister.jpg in Resources */ = {isa = PBXBuildFile; fileRef = 3047C4511F0EC93B007FDD78 /* lannister.jpg */; };
		3047C4541F0EC940007FDD78 /* codeIsComing.png in Resources */ = {isa = PBXBuildFile; fileRef = 3047C4531F0EC940007FDD78 /* codeIsComing.png */; };
		3047C45E1F0ECBC0007FDD78 /* PersonTest.swift in Sources */ = {isa = PBXBuildFile; fileRef = 3047C45D1F0ECBC0007FDD78 /* PersonTest.swift */; };
		3047C4601F0ECDCA007FDD78 /* Person.swift in Sources */ = {isa = PBXBuildFile; fileRef = 3047C45F1F0ECDCA007FDD78 /* Person.swift */; };
		30B88D651F20DB9E003830B0 /* targaryenSmall.jpg in Resources */ = {isa = PBXBuildFile; fileRef = 30B88D641F20DB9E003830B0 /* targaryenSmall.jpg */; };
		30B88D681F20E780003830B0 /* WikiViewController.swift in Sources */ = {isa = PBXBuildFile; fileRef = 30B88D661F20E780003830B0 /* WikiViewController.swift */; };
		30B88D691F20E780003830B0 /* WikiViewController.xib in Resources */ = {isa = PBXBuildFile; fileRef = 30B88D671F20E780003830B0 /* WikiViewController.xib */; };
		30B88D6C1F2100D0003830B0 /* HousesViewController.swift in Sources */ = {isa = PBXBuildFile; fileRef = 30B88D6A1F2100D0003830B0 /* HousesViewController.swift */; };
		30B88D6D1F2100D0003830B0 /* HousesViewController.xib in Resources */ = {isa = PBXBuildFile; fileRef = 30B88D6B1F2100D0003830B0 /* HousesViewController.xib */; };
		30BE82661F1F8B5000B9FFDF /* UIKitExtensions.swift in Sources */ = {isa = PBXBuildFile; fileRef = 30BE82651F1F8B5000B9FFDF /* UIKitExtensions.swift */; };
		30BE82681F1F8E6600B9FFDF /* RepositoryTests.swift in Sources */ = {isa = PBXBuildFile; fileRef = 30BE82671F1F8E6600B9FFDF /* RepositoryTests.swift */; };
		30BE826A1F1F8FF900B9FFDF /* Repository.swift in Sources */ = {isa = PBXBuildFile; fileRef = 30BE82691F1F8FF900B9FFDF /* Repository.swift */; };
		30C07EDC1F0C47E60012EFE4 /* AppDelegate.swift in Sources */ = {isa = PBXBuildFile; fileRef = 30C07EDB1F0C47E60012EFE4 /* AppDelegate.swift */; };
		30C07EDE1F0C47E60012EFE4 /* ViewController.swift in Sources */ = {isa = PBXBuildFile; fileRef = 30C07EDD1F0C47E60012EFE4 /* ViewController.swift */; };
		30C07EE31F0C47E60012EFE4 /* Assets.xcassets in Resources */ = {isa = PBXBuildFile; fileRef = 30C07EE21F0C47E60012EFE4 /* Assets.xcassets */; };
		30C07EE61F0C47E60012EFE4 /* LaunchScreen.storyboard in Resources */ = {isa = PBXBuildFile; fileRef = 30C07EE41F0C47E60012EFE4 /* LaunchScreen.storyboard */; };
		30C07EF11F0C47E60012EFE4 /* WesterosTests.swift in Sources */ = {isa = PBXBuildFile; fileRef = 30C07EF01F0C47E60012EFE4 /* WesterosTests.swift */; };
		30C07EFC1F0C47E60012EFE4 /* WesterosUITests.swift in Sources */ = {isa = PBXBuildFile; fileRef = 30C07EFB1F0C47E60012EFE4 /* WesterosUITests.swift */; };
		30DFF4ED1F1D4691009ED7D5 /* HouseViewController.swift in Sources */ = {isa = PBXBuildFile; fileRef = 30DFF4EB1F1D4691009ED7D5 /* HouseViewController.swift */; };
		30DFF4EE1F1D4691009ED7D5 /* HouseViewController.xib in Resources */ = {isa = PBXBuildFile; fileRef = 30DFF4EC1F1D4691009ED7D5 /* HouseViewController.xib */; };
		30FD0DAE1F0EC27C00401DE6 /* House.swift in Sources */ = {isa = PBXBuildFile; fileRef = 30FD0DAD1F0EC27C00401DE6 /* House.swift */; };
/* End PBXBuildFile section */

/* Begin PBXContainerItemProxy section */
		30C07EED1F0C47E60012EFE4 /* PBXContainerItemProxy */ = {
			isa = PBXContainerItemProxy;
			containerPortal = 30C07ED01F0C47E60012EFE4 /* Project object */;
			proxyType = 1;
			remoteGlobalIDString = 30C07ED71F0C47E60012EFE4;
			remoteInfo = Westeros;
		};
		30C07EF81F0C47E60012EFE4 /* PBXContainerItemProxy */ = {
			isa = PBXContainerItemProxy;
			containerPortal = 30C07ED01F0C47E60012EFE4 /* Project object */;
			proxyType = 1;
			remoteGlobalIDString = 30C07ED71F0C47E60012EFE4;
			remoteInfo = Westeros;
		};
/* End PBXContainerItemProxy section */

/* Begin PBXFileReference section */
		3047C4511F0EC93B007FDD78 /* lannister.jpg */ = {isa = PBXFileReference; lastKnownFileType = image.jpeg; path = lannister.jpg; sourceTree = "<group>"; };
		3047C4531F0EC940007FDD78 /* codeIsComing.png */ = {isa = PBXFileReference; lastKnownFileType = image.png; path = codeIsComing.png; sourceTree = "<group>"; };
		3047C45D1F0ECBC0007FDD78 /* PersonTest.swift */ = {isa = PBXFileReference; fileEncoding = 4; lastKnownFileType = sourcecode.swift; path = PersonTest.swift; sourceTree = "<group>"; };
		3047C45F1F0ECDCA007FDD78 /* Person.swift */ = {isa = PBXFileReference; fileEncoding = 4; lastKnownFileType = sourcecode.swift; path = Person.swift; sourceTree = "<group>"; };
		30B88D641F20DB9E003830B0 /* targaryenSmall.jpg */ = {isa = PBXFileReference; lastKnownFileType = image.jpeg; path = targaryenSmall.jpg; sourceTree = "<group>"; };
		30B88D661F20E780003830B0 /* WikiViewController.swift */ = {isa = PBXFileReference; fileEncoding = 4; lastKnownFileType = sourcecode.swift; path = WikiViewController.swift; sourceTree = "<group>"; };
		30B88D671F20E780003830B0 /* WikiViewController.xib */ = {isa = PBXFileReference; fileEncoding = 4; lastKnownFileType = file.xib; path = WikiViewController.xib; sourceTree = "<group>"; };
		30B88D6A1F2100D0003830B0 /* HousesViewController.swift */ = {isa = PBXFileReference; fileEncoding = 4; lastKnownFileType = sourcecode.swift; path = HousesViewController.swift; sourceTree = "<group>"; };
		30B88D6B1F2100D0003830B0 /* HousesViewController.xib */ = {isa = PBXFileReference; fileEncoding = 4; lastKnownFileType = file.xib; path = HousesViewController.xib; sourceTree = "<group>"; };
		30BE82651F1F8B5000B9FFDF /* UIKitExtensions.swift */ = {isa = PBXFileReference; fileEncoding = 4; lastKnownFileType = sourcecode.swift; path = UIKitExtensions.swift; sourceTree = "<group>"; };
		30BE82671F1F8E6600B9FFDF /* RepositoryTests.swift */ = {isa = PBXFileReference; fileEncoding = 4; lastKnownFileType = sourcecode.swift; path = RepositoryTests.swift; sourceTree = "<group>"; };
		30BE82691F1F8FF900B9FFDF /* Repository.swift */ = {isa = PBXFileReference; fileEncoding = 4; lastKnownFileType = sourcecode.swift; path = Repository.swift; sourceTree = "<group>"; };
		30C07ED81F0C47E60012EFE4 /* Westeros.app */ = {isa = PBXFileReference; explicitFileType = wrapper.application; includeInIndex = 0; path = Westeros.app; sourceTree = BUILT_PRODUCTS_DIR; };
		30C07EDB1F0C47E60012EFE4 /* AppDelegate.swift */ = {isa = PBXFileReference; lastKnownFileType = sourcecode.swift; path = AppDelegate.swift; sourceTree = "<group>"; };
		30C07EDD1F0C47E60012EFE4 /* ViewController.swift */ = {isa = PBXFileReference; lastKnownFileType = sourcecode.swift; path = ViewController.swift; sourceTree = "<group>"; };
		30C07EE21F0C47E60012EFE4 /* Assets.xcassets */ = {isa = PBXFileReference; lastKnownFileType = folder.assetcatalog; path = Assets.xcassets; sourceTree = "<group>"; };
		30C07EE51F0C47E60012EFE4 /* Base */ = {isa = PBXFileReference; lastKnownFileType = file.storyboard; name = Base; path = Base.lproj/LaunchScreen.storyboard; sourceTree = "<group>"; };
		30C07EE71F0C47E60012EFE4 /* Info.plist */ = {isa = PBXFileReference; lastKnownFileType = text.plist.xml; path = Info.plist; sourceTree = "<group>"; };
		30C07EEC1F0C47E60012EFE4 /* WesterosTests.xctest */ = {isa = PBXFileReference; explicitFileType = wrapper.cfbundle; includeInIndex = 0; path = WesterosTests.xctest; sourceTree = BUILT_PRODUCTS_DIR; };
		30C07EF01F0C47E60012EFE4 /* WesterosTests.swift */ = {isa = PBXFileReference; lastKnownFileType = sourcecode.swift; path = WesterosTests.swift; sourceTree = "<group>"; };
		30C07EF21F0C47E60012EFE4 /* Info.plist */ = {isa = PBXFileReference; lastKnownFileType = text.plist.xml; path = Info.plist; sourceTree = "<group>"; };
		30C07EF71F0C47E60012EFE4 /* WesterosUITests.xctest */ = {isa = PBXFileReference; explicitFileType = wrapper.cfbundle; includeInIndex = 0; path = WesterosUITests.xctest; sourceTree = BUILT_PRODUCTS_DIR; };
		30C07EFB1F0C47E60012EFE4 /* WesterosUITests.swift */ = {isa = PBXFileReference; lastKnownFileType = sourcecode.swift; path = WesterosUITests.swift; sourceTree = "<group>"; };
		30C07EFD1F0C47E60012EFE4 /* Info.plist */ = {isa = PBXFileReference; lastKnownFileType = text.plist.xml; path = Info.plist; sourceTree = "<group>"; };
		30DFF4EB1F1D4691009ED7D5 /* HouseViewController.swift */ = {isa = PBXFileReference; fileEncoding = 4; lastKnownFileType = sourcecode.swift; path = HouseViewController.swift; sourceTree = "<group>"; };
		30DFF4EC1F1D4691009ED7D5 /* HouseViewController.xib */ = {isa = PBXFileReference; fileEncoding = 4; lastKnownFileType = file.xib; path = HouseViewController.xib; sourceTree = "<group>"; };
		30FD0DAD1F0EC27C00401DE6 /* House.swift */ = {isa = PBXFileReference; fileEncoding = 4; lastKnownFileType = sourcecode.swift; path = House.swift; sourceTree = "<group>"; };
/* End PBXFileReference section */

/* Begin PBXFrameworksBuildPhase section */
		30C07ED51F0C47E60012EFE4 /* Frameworks */ = {
			isa = PBXFrameworksBuildPhase;
			buildActionMask = 2147483647;
			files = (
			);
			runOnlyForDeploymentPostprocessing = 0;
		};
		30C07EE91F0C47E60012EFE4 /* Frameworks */ = {
			isa = PBXFrameworksBuildPhase;
			buildActionMask = 2147483647;
			files = (
			);
			runOnlyForDeploymentPostprocessing = 0;
		};
		30C07EF41F0C47E60012EFE4 /* Frameworks */ = {
			isa = PBXFrameworksBuildPhase;
			buildActionMask = 2147483647;
			files = (
			);
			runOnlyForDeploymentPostprocessing = 0;
		};
/* End PBXFrameworksBuildPhase section */

/* Begin PBXGroup section */
		3047C4551F0EC944007FDD78 /* Resources */ = {
			isa = PBXGroup;
			children = (
				30B88D641F20DB9E003830B0 /* targaryenSmall.jpg */,
				3047C4531F0EC940007FDD78 /* codeIsComing.png */,
				3047C4511F0EC93B007FDD78 /* lannister.jpg */,
			);
			name = Resources;
			sourceTree = "<group>";
		};
		30BE82641F1F8B4200B9FFDF /* Cocoa */ = {
			isa = PBXGroup;
			children = (
				30BE82651F1F8B5000B9FFDF /* UIKitExtensions.swift */,
			);
			name = Cocoa;
			sourceTree = "<group>";
		};
		30C07ECF1F0C47E60012EFE4 = {
			isa = PBXGroup;
			children = (
				30BE82641F1F8B4200B9FFDF /* Cocoa */,
				30DFF4EF1F1D4697009ED7D5 /* Controllers */,
				3047C4551F0EC944007FDD78 /* Resources */,
				30C07EDA1F0C47E60012EFE4 /* Westeros */,
				30C07EEF1F0C47E60012EFE4 /* WesterosTests */,
				30C07EFA1F0C47E60012EFE4 /* WesterosUITests */,
				30C07ED91F0C47E60012EFE4 /* Products */,
			);
			sourceTree = "<group>";
		};
		30C07ED91F0C47E60012EFE4 /* Products */ = {
			isa = PBXGroup;
			children = (
				30C07ED81F0C47E60012EFE4 /* Westeros.app */,
				30C07EEC1F0C47E60012EFE4 /* WesterosTests.xctest */,
				30C07EF71F0C47E60012EFE4 /* WesterosUITests.xctest */,
			);
			name = Products;
			sourceTree = "<group>";
		};
		30C07EDA1F0C47E60012EFE4 /* Westeros */ = {
			isa = PBXGroup;
			children = (
				30FD0DAF1F0EC28700401DE6 /* Models */,
				30C07EDB1F0C47E60012EFE4 /* AppDelegate.swift */,
				30C07EDD1F0C47E60012EFE4 /* ViewController.swift */,
				30C07EE21F0C47E60012EFE4 /* Assets.xcassets */,
				30C07EE41F0C47E60012EFE4 /* LaunchScreen.storyboard */,
				30C07EE71F0C47E60012EFE4 /* Info.plist */,
			);
			path = Westeros;
			sourceTree = "<group>";
		};
		30C07EEF1F0C47E60012EFE4 /* WesterosTests */ = {
			isa = PBXGroup;
			children = (
				30C07EF01F0C47E60012EFE4 /* WesterosTests.swift */,
				3047C45D1F0ECBC0007FDD78 /* PersonTest.swift */,
				30C07EF21F0C47E60012EFE4 /* Info.plist */,
				30BE82671F1F8E6600B9FFDF /* RepositoryTests.swift */,
			);
			path = WesterosTests;
			sourceTree = "<group>";
		};
		30C07EFA1F0C47E60012EFE4 /* WesterosUITests */ = {
			isa = PBXGroup;
			children = (
				30C07EFB1F0C47E60012EFE4 /* WesterosUITests.swift */,
				30C07EFD1F0C47E60012EFE4 /* Info.plist */,
			);
			path = WesterosUITests;
			sourceTree = "<group>";
		};
		30DFF4EF1F1D4697009ED7D5 /* Controllers */ = {
			isa = PBXGroup;
			children = (
				30DFF4EB1F1D4691009ED7D5 /* HouseViewController.swift */,
				30DFF4EC1F1D4691009ED7D5 /* HouseViewController.xib */,
				30B88D661F20E780003830B0 /* WikiViewController.swift */,
				30B88D671F20E780003830B0 /* WikiViewController.xib */,
				30B88D6A1F2100D0003830B0 /* HousesViewController.swift */,
				30B88D6B1F2100D0003830B0 /* HousesViewController.xib */,
			);
			name = Controllers;
			sourceTree = "<group>";
		};
		30FD0DAF1F0EC28700401DE6 /* Models */ = {
			isa = PBXGroup;
			children = (
				30FD0DAD1F0EC27C00401DE6 /* House.swift */,
				3047C45F1F0ECDCA007FDD78 /* Person.swift */,
				30BE82691F1F8FF900B9FFDF /* Repository.swift */,
			);
			name = Models;
			sourceTree = "<group>";
		};
/* End PBXGroup section */

/* Begin PBXNativeTarget section */
		30C07ED71F0C47E60012EFE4 /* Westeros */ = {
			isa = PBXNativeTarget;
			buildConfigurationList = 30C07F001F0C47E60012EFE4 /* Build configuration list for PBXNativeTarget "Westeros" */;
			buildPhases = (
				30C07ED41F0C47E60012EFE4 /* Sources */,
				30C07ED51F0C47E60012EFE4 /* Frameworks */,
				30C07ED61F0C47E60012EFE4 /* Resources */,
			);
			buildRules = (
			);
			dependencies = (
			);
			name = Westeros;
			productName = Westeros;
			productReference = 30C07ED81F0C47E60012EFE4 /* Westeros.app */;
			productType = "com.apple.product-type.application";
		};
		30C07EEB1F0C47E60012EFE4 /* WesterosTests */ = {
			isa = PBXNativeTarget;
			buildConfigurationList = 30C07F031F0C47E60012EFE4 /* Build configuration list for PBXNativeTarget "WesterosTests" */;
			buildPhases = (
				30C07EE81F0C47E60012EFE4 /* Sources */,
				30C07EE91F0C47E60012EFE4 /* Frameworks */,
				30C07EEA1F0C47E60012EFE4 /* Resources */,
			);
			buildRules = (
			);
			dependencies = (
				30C07EEE1F0C47E60012EFE4 /* PBXTargetDependency */,
			);
			name = WesterosTests;
			productName = WesterosTests;
			productReference = 30C07EEC1F0C47E60012EFE4 /* WesterosTests.xctest */;
			productType = "com.apple.product-type.bundle.unit-test";
		};
		30C07EF61F0C47E60012EFE4 /* WesterosUITests */ = {
			isa = PBXNativeTarget;
			buildConfigurationList = 30C07F061F0C47E60012EFE4 /* Build configuration list for PBXNativeTarget "WesterosUITests" */;
			buildPhases = (
				30C07EF31F0C47E60012EFE4 /* Sources */,
				30C07EF41F0C47E60012EFE4 /* Frameworks */,
				30C07EF51F0C47E60012EFE4 /* Resources */,
			);
			buildRules = (
			);
			dependencies = (
				30C07EF91F0C47E60012EFE4 /* PBXTargetDependency */,
			);
			name = WesterosUITests;
			productName = WesterosUITests;
			productReference = 30C07EF71F0C47E60012EFE4 /* WesterosUITests.xctest */;
			productType = "com.apple.product-type.bundle.ui-testing";
		};
/* End PBXNativeTarget section */

/* Begin PBXProject section */
		30C07ED01F0C47E60012EFE4 /* Project object */ = {
			isa = PBXProject;
			attributes = {
				LastSwiftUpdateCheck = 0830;
				LastUpgradeCheck = 0830;
				ORGANIZATIONNAME = "eureka apps";
				TargetAttributes = {
					30C07ED71F0C47E60012EFE4 = {
						CreatedOnToolsVersion = 8.3.3;
						DevelopmentTeam = 644429XKT2;
						ProvisioningStyle = Automatic;
					};
					30C07EEB1F0C47E60012EFE4 = {
						CreatedOnToolsVersion = 8.3.3;
						DevelopmentTeam = 644429XKT2;
						ProvisioningStyle = Automatic;
						TestTargetID = 30C07ED71F0C47E60012EFE4;
					};
					30C07EF61F0C47E60012EFE4 = {
						CreatedOnToolsVersion = 8.3.3;
						DevelopmentTeam = 644429XKT2;
						ProvisioningStyle = Automatic;
						TestTargetID = 30C07ED71F0C47E60012EFE4;
					};
				};
			};
			buildConfigurationList = 30C07ED31F0C47E60012EFE4 /* Build configuration list for PBXProject "Westeros" */;
			compatibilityVersion = "Xcode 3.2";
			developmentRegion = English;
			hasScannedForEncodings = 0;
			knownRegions = (
				en,
				Base,
			);
			mainGroup = 30C07ECF1F0C47E60012EFE4;
			productRefGroup = 30C07ED91F0C47E60012EFE4 /* Products */;
			projectDirPath = "";
			projectRoot = "";
			targets = (
				30C07ED71F0C47E60012EFE4 /* Westeros */,
				30C07EEB1F0C47E60012EFE4 /* WesterosTests */,
				30C07EF61F0C47E60012EFE4 /* WesterosUITests */,
			);
		};
/* End PBXProject section */

/* Begin PBXResourcesBuildPhase section */
		30C07ED61F0C47E60012EFE4 /* Resources */ = {
			isa = PBXResourcesBuildPhase;
			buildActionMask = 2147483647;
			files = (
				3047C4521F0EC93B007FDD78 /* lannister.jpg in Resources */,
				30B88D691F20E780003830B0 /* WikiViewController.xib in Resources */,
				30B88D651F20DB9E003830B0 /* targaryenSmall.jpg in Resources */,
				30C07EE61F0C47E60012EFE4 /* LaunchScreen.storyboard in Resources */,
				30DFF4EE1F1D4691009ED7D5 /* HouseViewController.xib in Resources */,
				30C07EE31F0C47E60012EFE4 /* Assets.xcassets in Resources */,
				3047C4541F0EC940007FDD78 /* codeIsComing.png in Resources */,
				30B88D6D1F2100D0003830B0 /* HousesViewController.xib in Resources */,
			);
			runOnlyForDeploymentPostprocessing = 0;
		};
		30C07EEA1F0C47E60012EFE4 /* Resources */ = {
			isa = PBXResourcesBuildPhase;
			buildActionMask = 2147483647;
			files = (
			);
			runOnlyForDeploymentPostprocessing = 0;
		};
		30C07EF51F0C47E60012EFE4 /* Resources */ = {
			isa = PBXResourcesBuildPhase;
			buildActionMask = 2147483647;
			files = (
			);
			runOnlyForDeploymentPostprocessing = 0;
		};
/* End PBXResourcesBuildPhase section */

/* Begin PBXSourcesBuildPhase section */
		30C07ED41F0C47E60012EFE4 /* Sources */ = {
			isa = PBXSourcesBuildPhase;
			buildActionMask = 2147483647;
			files = (
				30BE826A1F1F8FF900B9FFDF /* Repository.swift in Sources */,
				30DFF4ED1F1D4691009ED7D5 /* HouseViewController.swift in Sources */,
				30C07EDE1F0C47E60012EFE4 /* ViewController.swift in Sources */,
				30B88D6C1F2100D0003830B0 /* HousesViewController.swift in Sources */,
				30BE82661F1F8B5000B9FFDF /* UIKitExtensions.swift in Sources */,
				30FD0DAE1F0EC27C00401DE6 /* House.swift in Sources */,
				30C07EDC1F0C47E60012EFE4 /* AppDelegate.swift in Sources */,
				30B88D681F20E780003830B0 /* WikiViewController.swift in Sources */,
				3047C4601F0ECDCA007FDD78 /* Person.swift in Sources */,
			);
			runOnlyForDeploymentPostprocessing = 0;
		};
		30C07EE81F0C47E60012EFE4 /* Sources */ = {
			isa = PBXSourcesBuildPhase;
			buildActionMask = 2147483647;
			files = (
				30C07EF11F0C47E60012EFE4 /* WesterosTests.swift in Sources */,
				3047C45E1F0ECBC0007FDD78 /* PersonTest.swift in Sources */,
				30BE82681F1F8E6600B9FFDF /* RepositoryTests.swift in Sources */,
			);
			runOnlyForDeploymentPostprocessing = 0;
		};
		30C07EF31F0C47E60012EFE4 /* Sources */ = {
			isa = PBXSourcesBuildPhase;
			buildActionMask = 2147483647;
			files = (
				30C07EFC1F0C47E60012EFE4 /* WesterosUITests.swift in Sources */,
			);
			runOnlyForDeploymentPostprocessing = 0;
		};
/* End PBXSourcesBuildPhase section */

/* Begin PBXTargetDependency section */
		30C07EEE1F0C47E60012EFE4 /* PBXTargetDependency */ = {
			isa = PBXTargetDependency;
			target = 30C07ED71F0C47E60012EFE4 /* Westeros */;
			targetProxy = 30C07EED1F0C47E60012EFE4 /* PBXContainerItemProxy */;
		};
		30C07EF91F0C47E60012EFE4 /* PBXTargetDependency */ = {
			isa = PBXTargetDependency;
			target = 30C07ED71F0C47E60012EFE4 /* Westeros */;
			targetProxy = 30C07EF81F0C47E60012EFE4 /* PBXContainerItemProxy */;
		};
/* End PBXTargetDependency section */

/* Begin PBXVariantGroup section */
		30C07EE41F0C47E60012EFE4 /* LaunchScreen.storyboard */ = {
			isa = PBXVariantGroup;
			children = (
				30C07EE51F0C47E60012EFE4 /* Base */,
			);
			name = LaunchScreen.storyboard;
			sourceTree = "<group>";
		};
/* End PBXVariantGroup section */

/* Begin XCBuildConfiguration section */
		30C07EFE1F0C47E60012EFE4 /* Debug */ = {
			isa = XCBuildConfiguration;
			buildSettings = {
				ALWAYS_SEARCH_USER_PATHS = NO;
				CLANG_ANALYZER_NONNULL = YES;
				CLANG_ANALYZER_NUMBER_OBJECT_CONVERSION = YES_AGGRESSIVE;
				CLANG_CXX_LANGUAGE_STANDARD = "gnu++0x";
				CLANG_CXX_LIBRARY = "libc++";
				CLANG_ENABLE_MODULES = YES;
				CLANG_ENABLE_OBJC_ARC = YES;
				CLANG_WARN_BOOL_CONVERSION = YES;
				CLANG_WARN_CONSTANT_CONVERSION = YES;
				CLANG_WARN_DIRECT_OBJC_ISA_USAGE = YES_ERROR;
				CLANG_WARN_DOCUMENTATION_COMMENTS = YES;
				CLANG_WARN_EMPTY_BODY = YES;
				CLANG_WARN_ENUM_CONVERSION = YES;
				CLANG_WARN_INFINITE_RECURSION = YES;
				CLANG_WARN_INT_CONVERSION = YES;
				CLANG_WARN_OBJC_ROOT_CLASS = YES_ERROR;
				CLANG_WARN_SUSPICIOUS_MOVE = YES;
				CLANG_WARN_UNREACHABLE_CODE = YES;
				CLANG_WARN__DUPLICATE_METHOD_MATCH = YES;
				"CODE_SIGN_IDENTITY[sdk=iphoneos*]" = "iPhone Developer";
				COPY_PHASE_STRIP = NO;
				DEBUG_INFORMATION_FORMAT = dwarf;
				ENABLE_STRICT_OBJC_MSGSEND = YES;
				ENABLE_TESTABILITY = YES;
				GCC_C_LANGUAGE_STANDARD = gnu99;
				GCC_DYNAMIC_NO_PIC = NO;
				GCC_NO_COMMON_BLOCKS = YES;
				GCC_OPTIMIZATION_LEVEL = 0;
				GCC_PREPROCESSOR_DEFINITIONS = (
					"DEBUG=1",
					"$(inherited)",
				);
				GCC_WARN_64_TO_32_BIT_CONVERSION = YES;
				GCC_WARN_ABOUT_RETURN_TYPE = YES_ERROR;
				GCC_WARN_UNDECLARED_SELECTOR = YES;
				GCC_WARN_UNINITIALIZED_AUTOS = YES_AGGRESSIVE;
				GCC_WARN_UNUSED_FUNCTION = YES;
				GCC_WARN_UNUSED_VARIABLE = YES;
				IPHONEOS_DEPLOYMENT_TARGET = 10.3;
				MTL_ENABLE_DEBUG_INFO = YES;
				ONLY_ACTIVE_ARCH = YES;
				SDKROOT = iphoneos;
				SWIFT_ACTIVE_COMPILATION_CONDITIONS = DEBUG;
				SWIFT_OPTIMIZATION_LEVEL = "-Onone";
				TARGETED_DEVICE_FAMILY = "1,2";
			};
			name = Debug;
		};
		30C07EFF1F0C47E60012EFE4 /* Release */ = {
			isa = XCBuildConfiguration;
			buildSettings = {
				ALWAYS_SEARCH_USER_PATHS = NO;
				CLANG_ANALYZER_NONNULL = YES;
				CLANG_ANALYZER_NUMBER_OBJECT_CONVERSION = YES_AGGRESSIVE;
				CLANG_CXX_LANGUAGE_STANDARD = "gnu++0x";
				CLANG_CXX_LIBRARY = "libc++";
				CLANG_ENABLE_MODULES = YES;
				CLANG_ENABLE_OBJC_ARC = YES;
				CLANG_WARN_BOOL_CONVERSION = YES;
				CLANG_WARN_CONSTANT_CONVERSION = YES;
				CLANG_WARN_DIRECT_OBJC_ISA_USAGE = YES_ERROR;
				CLANG_WARN_DOCUMENTATION_COMMENTS = YES;
				CLANG_WARN_EMPTY_BODY = YES;
				CLANG_WARN_ENUM_CONVERSION = YES;
				CLANG_WARN_INFINITE_RECURSION = YES;
				CLANG_WARN_INT_CONVERSION = YES;
				CLANG_WARN_OBJC_ROOT_CLASS = YES_ERROR;
				CLANG_WARN_SUSPICIOUS_MOVE = YES;
				CLANG_WARN_UNREACHABLE_CODE = YES;
				CLANG_WARN__DUPLICATE_METHOD_MATCH = YES;
				"CODE_SIGN_IDENTITY[sdk=iphoneos*]" = "iPhone Developer";
				COPY_PHASE_STRIP = NO;
				DEBUG_INFORMATION_FORMAT = "dwarf-with-dsym";
				ENABLE_NS_ASSERTIONS = NO;
				ENABLE_STRICT_OBJC_MSGSEND = YES;
				GCC_C_LANGUAGE_STANDARD = gnu99;
				GCC_NO_COMMON_BLOCKS = YES;
				GCC_WARN_64_TO_32_BIT_CONVERSION = YES;
				GCC_WARN_ABOUT_RETURN_TYPE = YES_ERROR;
				GCC_WARN_UNDECLARED_SELECTOR = YES;
				GCC_WARN_UNINITIALIZED_AUTOS = YES_AGGRESSIVE;
				GCC_WARN_UNUSED_FUNCTION = YES;
				GCC_WARN_UNUSED_VARIABLE = YES;
				IPHONEOS_DEPLOYMENT_TARGET = 10.3;
				MTL_ENABLE_DEBUG_INFO = NO;
				SDKROOT = iphoneos;
				SWIFT_OPTIMIZATION_LEVEL = "-Owholemodule";
				TARGETED_DEVICE_FAMILY = "1,2";
				VALIDATE_PRODUCT = YES;
			};
			name = Release;
		};
		30C07F011F0C47E60012EFE4 /* Debug */ = {
			isa = XCBuildConfiguration;
			buildSettings = {
				ASSETCATALOG_COMPILER_APPICON_NAME = AppIcon;
				DEVELOPMENT_TEAM = 644429XKT2;
				INFOPLIST_FILE = Westeros/Info.plist;
				LD_RUNPATH_SEARCH_PATHS = "$(inherited) @executable_path/Frameworks";
				PRODUCT_BUNDLE_IDENTIFIER = com.BambyLandy.Westeros;
				PRODUCT_NAME = "$(TARGET_NAME)";
				SWIFT_VERSION = 3.0;
			};
			name = Debug;
		};
		30C07F021F0C47E60012EFE4 /* Release */ = {
			isa = XCBuildConfiguration;
			buildSettings = {
				ASSETCATALOG_COMPILER_APPICON_NAME = AppIcon;
				DEVELOPMENT_TEAM = 644429XKT2;
				INFOPLIST_FILE = Westeros/Info.plist;
				LD_RUNPATH_SEARCH_PATHS = "$(inherited) @executable_path/Frameworks";
				PRODUCT_BUNDLE_IDENTIFIER = com.BambyLandy.Westeros;
				PRODUCT_NAME = "$(TARGET_NAME)";
				SWIFT_VERSION = 3.0;
			};
			name = Release;
		};
		30C07F041F0C47E60012EFE4 /* Debug */ = {
			isa = XCBuildConfiguration;
			buildSettings = {
				ALWAYS_EMBED_SWIFT_STANDARD_LIBRARIES = YES;
				BUNDLE_LOADER = "$(TEST_HOST)";
				DEVELOPMENT_TEAM = 644429XKT2;
				INFOPLIST_FILE = WesterosTests/Info.plist;
				LD_RUNPATH_SEARCH_PATHS = "$(inherited) @executable_path/Frameworks @loader_path/Frameworks";
				PRODUCT_BUNDLE_IDENTIFIER = com.BambyLandy.WesterosTests;
				PRODUCT_NAME = "$(TARGET_NAME)";
				SWIFT_VERSION = 3.0;
				TEST_HOST = "$(BUILT_PRODUCTS_DIR)/Westeros.app/Westeros";
			};
			name = Debug;
		};
		30C07F051F0C47E60012EFE4 /* Release */ = {
			isa = XCBuildConfiguration;
			buildSettings = {
				ALWAYS_EMBED_SWIFT_STANDARD_LIBRARIES = YES;
				BUNDLE_LOADER = "$(TEST_HOST)";
				DEVELOPMENT_TEAM = 644429XKT2;
				INFOPLIST_FILE = WesterosTests/Info.plist;
				LD_RUNPATH_SEARCH_PATHS = "$(inherited) @executable_path/Frameworks @loader_path/Frameworks";
				PRODUCT_BUNDLE_IDENTIFIER = com.BambyLandy.WesterosTests;
				PRODUCT_NAME = "$(TARGET_NAME)";
				SWIFT_VERSION = 3.0;
				TEST_HOST = "$(BUILT_PRODUCTS_DIR)/Westeros.app/Westeros";
			};
			name = Release;
		};
		30C07F071F0C47E60012EFE4 /* Debug */ = {
			isa = XCBuildConfiguration;
			buildSettings = {
				ALWAYS_EMBED_SWIFT_STANDARD_LIBRARIES = YES;
				DEVELOPMENT_TEAM = 644429XKT2;
				INFOPLIST_FILE = WesterosUITests/Info.plist;
				LD_RUNPATH_SEARCH_PATHS = "$(inherited) @executable_path/Frameworks @loader_path/Frameworks";
				PRODUCT_BUNDLE_IDENTIFIER = com.BambyLandy.WesterosUITests;
				PRODUCT_NAME = "$(TARGET_NAME)";
				SWIFT_VERSION = 3.0;
				TEST_TARGET_NAME = Westeros;
			};
			name = Debug;
		};
		30C07F081F0C47E60012EFE4 /* Release */ = {
			isa = XCBuildConfiguration;
			buildSettings = {
				ALWAYS_EMBED_SWIFT_STANDARD_LIBRARIES = YES;
				DEVELOPMENT_TEAM = 644429XKT2;
				INFOPLIST_FILE = WesterosUITests/Info.plist;
				LD_RUNPATH_SEARCH_PATHS = "$(inherited) @executable_path/Frameworks @loader_path/Frameworks";
				PRODUCT_BUNDLE_IDENTIFIER = com.BambyLandy.WesterosUITests;
				PRODUCT_NAME = "$(TARGET_NAME)";
				SWIFT_VERSION = 3.0;
				TEST_TARGET_NAME = Westeros;
			};
			name = Release;
		};
/* End XCBuildConfiguration section */

/* Begin XCConfigurationList section */
		30C07ED31F0C47E60012EFE4 /* Build configuration list for PBXProject "Westeros" */ = {
			isa = XCConfigurationList;
			buildConfigurations = (
				30C07EFE1F0C47E60012EFE4 /* Debug */,
				30C07EFF1F0C47E60012EFE4 /* Release */,
			);
			defaultConfigurationIsVisible = 0;
			defaultConfigurationName = Release;
		};
		30C07F001F0C47E60012EFE4 /* Build configuration list for PBXNativeTarget "Westeros" */ = {
			isa = XCConfigurationList;
			buildConfigurations = (
				30C07F011F0C47E60012EFE4 /* Debug */,
				30C07F021F0C47E60012EFE4 /* Release */,
			);
			defaultConfigurationIsVisible = 0;
			defaultConfigurationName = Release;
		};
		30C07F031F0C47E60012EFE4 /* Build configuration list for PBXNativeTarget "WesterosTests" */ = {
			isa = XCConfigurationList;
			buildConfigurations = (
				30C07F041F0C47E60012EFE4 /* Debug */,
				30C07F051F0C47E60012EFE4 /* Release */,
			);
			defaultConfigurationIsVisible = 0;
			defaultConfigurationName = Release;
		};
		30C07F061F0C47E60012EFE4 /* Build configuration list for PBXNativeTarget "WesterosUITests" */ = {
			isa = XCConfigurationList;
			buildConfigurations = (
				30C07F071F0C47E60012EFE4 /* Debug */,
				30C07F081F0C47E60012EFE4 /* Release */,
			);
			defaultConfigurationIsVisible = 0;
			defaultConfigurationName = Release;
		};
/* End XCConfigurationList section */
	};
	rootObject = 30C07ED01F0C47E60012EFE4 /* Project object */;
}
